
Microsoft Visual Studio Solution File, Format Version 12.00
# Visual Studio 15
VisualStudioVersion = 15.0.27428.2015
MinimumVisualStudioVersion = 10.0.40219.1
Project("{FAE04EC0-301F-11D3-BF4B-00C04F79EFBC}") = "MakeTest", "MakeTest\MakeTest.csproj", "{8597F6EE-0E12-44D9-9723-96D0EAC38898}"
EndProject
Project("{FAE04EC0-301F-11D3-BF4B-00C04F79EFBC}") = "ConsoleTest", "ConsoleTest\ConsoleTest.csproj", "{C5F8961E-832D-4124-89C6-4C1481A460E3}"
EndProject
Global
	GlobalSection(SolutionConfigurationPlatforms) = preSolution
		Debug|Any CPU = Debug|Any CPU
		Release|Any CPU = Release|Any CPU
	EndGlobalSection
	GlobalSection(ProjectConfigurationPlatforms) = postSolution
		{8597F6EE-0E12-44D9-9723-96D0EAC38898}.Debug|Any CPU.ActiveCfg = Debug|Any CPU
		{8597F6EE-0E12-44D9-9723-96D0EAC38898}.Debug|Any CPU.Build.0 = Debug|Any CPU
		{8597F6EE-0E12-44D9-9723-96D0EAC38898}.Release|Any CPU.ActiveCfg = Release|Any CPU
		{8597F6EE-0E12-44D9-9723-96D0EAC38898}.Release|Any CPU.Build.0 = Release|Any CPU
		{C5F8961E-832D-4124-89C6-4C1481A460E3}.Debug|Any CPU.ActiveCfg = Debug|Any CPU
		{C5F8961E-832D-4124-89C6-4C1481A460E3}.Debug|Any CPU.Build.0 = Debug|Any CPU
		{C5F8961E-832D-4124-89C6-4C1481A460E3}.Release|Any CPU.ActiveCfg = Release|Any CPU
		{C5F8961E-832D-4124-89C6-4C1481A460E3}.Release|Any CPU.Build.0 = Release|Any CPU
	EndGlobalSection
	GlobalSection(SolutionProperties) = preSolution
		HideSolutionNode = FALSE
	EndGlobalSection
	GlobalSection(ExtensibilityGlobals) = postSolution
		SolutionGuid = {1159D449-95D6-4539-9FF1-F45B84046952}
	EndGlobalSection
EndGlobal
